
Microsoft Visual Studio Solution File, Format Version 12.00
# Visual Studio 14
VisualStudioVersion = 14.0.23107.0
MinimumVisualStudioVersion = 10.0.40219.1
Project("{2150E333-8FDC-42A3-9474-1A3956D46DE8}") = "src", "src", "{48962133-E7FE-4CBC-8021-29BE0A7E5E4D}"
EndProject
Project("{2150E333-8FDC-42A3-9474-1A3956D46DE8}") = "Solution Items", "Solution Items", "{EAB4C2DF-9FF5-41B9-B97A-5EF6E13959EA}"
	ProjectSection(SolutionItems) = preProject
		global.json = global.json
	EndProjectSection
EndProject
Project("{8BB2217D-0F2D-49D1-97BC-3654ED321F3B}") = "GulpBuilder", "src\GulpBuilder\GulpBuilder.xproj", "{043278FA-BD80-49FF-A977-D78116221603}"
EndProject
Global
	GlobalSection(SolutionConfigurationPlatforms) = preSolution
		Debug|Any CPU = Debug|Any CPU
		Release|Any CPU = Release|Any CPU
	EndGlobalSection
	GlobalSection(ProjectConfigurationPlatforms) = postSolution
		{043278FA-BD80-49FF-A977-D78116221603}.Debug|Any CPU.ActiveCfg = Debug|Any CPU
		{043278FA-BD80-49FF-A977-D78116221603}.Debug|Any CPU.Build.0 = Debug|Any CPU
		{043278FA-BD80-49FF-A977-D78116221603}.Release|Any CPU.ActiveCfg = Release|Any CPU
		{043278FA-BD80-49FF-A977-D78116221603}.Release|Any CPU.Build.0 = Release|Any CPU
	EndGlobalSection
	GlobalSection(SolutionProperties) = preSolution
		HideSolutionNode = FALSE
	EndGlobalSection
	GlobalSection(NestedProjects) = preSolution
		{043278FA-BD80-49FF-A977-D78116221603} = {48962133-E7FE-4CBC-8021-29BE0A7E5E4D}
	EndGlobalSection
EndGlobal
